{
  "version": 2,
  "dependencies": {
    "net10.0": {
      "Microsoft.AspNetCore.Authentication.Negotiate": {
        "type": "Direct",
        "requested": "[10.0.11, )",
        "resolved": "10.0.11",
        "contentHash": "XjvGMQ0+Y22t7jQKS8ZW3UvJNhNC0AT/Et2Mf8XZj4MmNawqpxt8Xvm4wLCkAOrqiVqGmz9b+kwi54DuyfPyCg==",
        "dependencies": {
          "System.DirectoryServices.Protocols": "10.0.11"
        }
      },
      "Microsoft.Extensions.Hosting.WindowsServices": {
        "type": "Direct",
        "requested": "[10.0.11, )",
        "resolved": "10.0.11",
        "contentHash": "OTlOHRxmt4IyYR5tBejF5ffdVMbo9n5NbPJRzCe0bnJmzTQt0kHNiDiEU96t4KkB3wE3vZqPETtXJVLujrRJnA==",
        "dependencies": {
          "System.ServiceProcess.ServiceController": "10.0.11"
        }
      },
      "Microsoft.Extensions.AI.Abstractions": {
        "type": "Transitive",
        "resolved": "10.8.3",
        "contentHash": "K0B05oApxmviWalNHPMBBcRC7erKiDATz3ENNR/jqTR9JwIwLRefgDhj2jCRwL1aca99pXUe0qyQC73/xIuZig=="
      },
      "OpenTelemetry": {
        "type": "Transitive",
        "resolved": "1.18.0",
        "contentHash": "13AKxycK+olOLe061MjliPTNBR/DUkjyRr0b9zwUhKyMjFS8lXS7G31R85rkbM55up2YFmdykWdAw2giBDJpiQ==",
        "dependencies": {
          "OpenTelemetry.Api.ProviderBuilderExtensions": "1.18.0"
        }
      },
      "OpenTelemetry.Api": {
        "type": "Transitive",
        "resolved": "1.18.0",
        "contentHash": "Dhzm5oughIY9EWckt2J1yXcEbXpki5WCL2q7prJoYxzH6C7jdkfGtPMTkUVZZ4AhjJKzQnlC+kLSIlmIVwC4Vw=="
      },
      "OpenTelemetry.Api.ProviderBuilderExtensions": {
        "type": "Transitive",
        "resolved": "1.18.0",
        "contentHash": "io6A6PJFp3vIObRGf6oPjdHsdglkinXt/0SpTDJHrVnsLxUtOzwh/QwTsnhBJ43wJ6QcGMkyNzsSSY8XEB1Q5Q==",
        "dependencies": {
          "OpenTelemetry.Api": "1.18.0"
        }
      },
      "System.DirectoryServices.Protocols": {
        "type": "Transitive",
        "resolved": "10.0.11",
        "contentHash": "Q4DEPB0wfAMAM6zjCjioFQoDZGC6uCeAZMU30sdjMgVtKbSuSBjhASVlxVOTYmQKCdUqZInnDwZ3W/ZTWB4m3Q=="
      },
      "System.ServiceProcess.ServiceController": {
        "type": "Transitive",
        "resolved": "10.0.11",
        "contentHash": "khROyIQ3GAZy5MbCabfmlbvxf9nuvdveFP2XbRCteZ9Lq8OFEvImmrjV6acl1LegRu/9T6VMxi9Lr+KZu29VHg=="
      },
      "sqlobserver.alerting": {
        "type": "Project",
        "dependencies": {
          "SqlObserver.Application": "[1.0.0, )",
          "SqlObserver.Domain": "[1.0.0, )"
        }
      },
      "sqlobserver.analytics": {
        "type": "Project",
        "dependencies": {
          "SqlObserver.Application": "[1.0.0, )",
          "SqlObserver.Domain": "[1.0.0, )"
        }
      },
      "sqlobserver.application": {
        "type": "Project",
        "dependencies": {
          "SqlObserver.Collector.Abstractions": "[1.0.0, )",
          "SqlObserver.Domain": "[1.0.0, )"
        }
      },
      "sqlobserver.audit": {
        "type": "Project",
        "dependencies": {
          "SqlObserver.Application": "[1.0.0, )",
          "SqlObserver.Domain": "[1.0.0, )"
        }
      },
      "sqlobserver.collector.abstractions": {
        "type": "Project",
        "dependencies": {
          "SqlObserver.Domain": "[1.0.0, )"
        }
      },
      "sqlobserver.domain": {
        "type": "Project"
      },
      "sqlobserver.infrastructure.postgresql": {
        "type": "Project",
        "dependencies": {
          "Npgsql": "[10.0.3, )",
          "SqlObserver.Alerting": "[1.0.0, )",
          "SqlObserver.Analytics": "[1.0.0, )",
          "SqlObserver.Application": "[1.0.0, )",
          "SqlObserver.Collector.Abstractions": "[1.0.0, )",
          "SqlObserver.Domain": "[1.0.0, )",
          "SqlObserver.Reporting": "[1.0.0, )"
        }
      },
      "sqlobserver.infrastructure.windows": {
        "type": "Project",
        "dependencies": {
          "SqlObserver.Application": "[1.0.0, )",
          "SqlObserver.Collector.Abstractions": "[1.0.0, )"
        }
      },
      "sqlobserver.mcp": {
        "type": "Project",
        "dependencies": {
          "ModelContextProtocol": "[2.2.0, )",
          "ModelContextProtocol.AspNetCore": "[2.2.0, )",
          "SqlObserver.Application": "[1.0.0, )",
          "SqlObserver.Audit": "[1.0.0, )",
          "SqlObserver.Security": "[1.0.0, )"
        }
      },
      "sqlobserver.observability": {
        "type": "Project",
        "dependencies": {
          "OpenTelemetry.Exporter.OpenTelemetryProtocol": "[1.18.0, )",
          "OpenTelemetry.Extensions.Hosting": "[1.18.0, )",
          "SqlObserver.Application": "[1.0.0, )"
        }
      },
      "sqlobserver.reporting": {
        "type": "Project",
        "dependencies": {
          "SqlObserver.Domain": "[1.0.0, )"
        }
      },
      "sqlobserver.security": {
        "type": "Project",
        "dependencies": {
          "SqlObserver.Application": "[1.0.0, )",
          "SqlObserver.Domain": "[1.0.0, )"
        }
      },
      "ModelContextProtocol": {
        "type": "CentralTransitive",
        "requested": "[2.2.0, )",
        "resolved": "2.2.0",
        "contentHash": "4Pb9u02Nwsp0poueDsqNdyGRojFxOYpljB7zDBsq+aHL+Afou3OgxlBc3GWFVnsRMRJrUtWqDh3s6k2JgPzmrQ==",
        "dependencies": {
          "ModelContextProtocol.Core": "[2.2.0]"
        }
      },
      "ModelContextProtocol.AspNetCore": {
        "type": "CentralTransitive",
        "requested": "[2.2.0, )",
        "resolved": "2.2.0",
        "contentHash": "3JelDMuFIwFzXybsh6K30G6wXu5gmqKnuRnieqgBMuR0FkqqXRv4B+NYZuPgthSyNq5UwRyvv2U2VJBE3RD3PQ==",
        "dependencies": {
          "ModelContextProtocol": "[2.2.0]"
        }
      },
      "ModelContextProtocol.Core": {
        "type": "CentralTransitive",
        "requested": "[2.2.0, )",
        "resolved": "2.2.0",
        "contentHash": "FeBfXU6T8k+jw4afg4sfxdEX2rL/e5oKOk9ROOGztu9k47+7Bz08sdaToYt2XvMY1opNbwxYQOFMj6wH9TInhA==",
        "dependencies": {
          "Microsoft.Extensions.AI.Abstractions": "10.8.3"
        }
      },
      "Npgsql": {
        "type": "CentralTransitive",
        "requested": "[10.0.3, )",
        "resolved": "10.0.3",
        "contentHash": "7nb5YzXuvWWJxB0J8DiyL3we+X4FOctZrt0fIBnucOIaIevFEEwGQVZKtiu9olXdlNAK1eNgqSral6r/jlhI4w=="
      },
      "OpenTelemetry.Exporter.OpenTelemetryProtocol": {
        "type": "CentralTransitive",
        "requested": "[1.18.0, )",
        "resolved": "1.18.0",
        "contentHash": "Et3WAviooKGObZjUZN8d6eTsdJs1YM3ZoN+KlWSAHksTmHG1nyGi9XGo2wb0fkFMWK0g80FOPdR1njg52Dm+aw==",
        "dependencies": {
          "OpenTelemetry": "1.18.0"
        }
      },
      "OpenTelemetry.Extensions.Hosting": {
        "type": "CentralTransitive",
        "requested": "[1.18.0, )",
        "resolved": "1.18.0",
        "contentHash": "u+JMA82H65MKwMvd2qUpL8C2qE4Jux2nvX9hmy036UK/Apv2YyIRYCttF/vlX6nMPcAKI8BXkscmL4QG3C69fw==",
        "dependencies": {
          "OpenTelemetry": "1.18.0"
        }
      }
    }
  }
}